
Microsoft Visual Studio Solution File, Format Version 12.00
# Visual Studio Version 17
VisualStudioVersion = 17.3.32804.467
MinimumVisualStudioVersion = 10.0.40219.1
Project("{FAE04EC0-301F-11D3-BF4B-00C04F79EFBC}") = "OOP_lr4_1", "OOP_lr4_1\OOP_lr4_1.csproj", "{B229EB76-B7A9-4520-B11D-EFE6C28E2275}"
EndProject
Global
	GlobalSection(SolutionConfigurationPlatforms) = preSolution
		Debug|Any CPU = Debug|Any CPU
		Release|Any CPU = Release|Any CPU
	EndGlobalSection
	GlobalSection(ProjectConfigurationPlatforms) = postSolution
		{B229EB76-B7A9-4520-B11D-EFE6C28E2275}.Debug|Any CPU.ActiveCfg = Debug|Any CPU
		{B229EB76-B7A9-4520-B11D-EFE6C28E2275}.Debug|Any CPU.Build.0 = Debug|Any CPU
		{B229EB76-B7A9-4520-B11D-EFE6C28E2275}.Release|Any CPU.ActiveCfg = Release|Any CPU
		{B229EB76-B7A9-4520-B11D-EFE6C28E2275}.Release|Any CPU.Build.0 = Release|Any CPU
	EndGlobalSection
	GlobalSection(SolutionProperties) = preSolution
		HideSolutionNode = FALSE
	EndGlobalSection
	GlobalSection(ExtensibilityGlobals) = postSolution
		SolutionGuid = {CCA5F955-6066-406A-A308-0402DA84C353}
	EndGlobalSection
EndGlobal
